<?xml version="1.0" encoding="utf-8"?>
<Project ToolsVersion="4.0" xmlns="http://schemas.microsoft.com/developer/msbuild/2003">
  <ItemGroup>
    <Filter Include="Form Files">
      <UniqueIdentifier>{99349809-55BA-4b9d-BF79-8FDBB0286EB3}</UniqueIdentifier>
      <Extensions>ui</Extensions>
      <ParseFiles>false</ParseFiles>
    </Filter>
    <Filter Include="Form Files">
      <UniqueIdentifier>{99349809-55BA-4b9d-BF79-8FDBB0286EB3}</UniqueIdentifier>
      <Extensions>ui</Extensions>
      <ParseFiles>false</ParseFiles>
    </Filter>
    <Filter Include="Generated Files">
      <UniqueIdentifier>{71ED8ED8-ACB9-4CE9-BBE1-E00B30144E11}</UniqueIdentifier>
      <Extensions>cpp;c;cxx;moc;h;def;odl;idl;res;</Extensions>
    </Filter>
    <Filter Include="Generated Files">
      <UniqueIdentifier>{71ED8ED8-ACB9-4CE9-BBE1-E00B30144E11}</UniqueIdentifier>
      <Extensions>cpp;c;cxx;moc;h;def;odl;idl;res;</Extensions>
    </Filter>
    <Filter Include="Header Files">
      <UniqueIdentifier>{93995380-89BD-4b04-88EB-625FBE52EBFB}</UniqueIdentifier>
      <Extensions>h;hpp;hxx;hm;inl;inc;xsd</Extensions>
    </Filter>
    <Filter Include="Header Files">
      <UniqueIdentifier>{93995380-89BD-4b04-88EB-625FBE52EBFB}</UniqueIdentifier>
      <Extensions>h;hpp;hxx;hm;inl;inc;xsd</Extensions>
    </Filter>
    <Filter Include="Resource Files">
      <UniqueIdentifier>{D9D6E242-F8AF-46E4-B9FD-80ECBC20BA3E}</UniqueIdentifier>
      <Extensions>qrc;*</Extensions>
      <ParseFiles>false</ParseFiles>
    </Filter>
    <Filter Include="Resource Files">
      <UniqueIdentifier>{D9D6E242-F8AF-46E4-B9FD-80ECBC20BA3E}</UniqueIdentifier>
      <Extensions>qrc;*</Extensions>
      <ParseFiles>false</ParseFiles>
    </Filter>
    <Filter Include="Source Files">
      <UniqueIdentifier>{4FC737F1-C7A5-4376-A066-2A32D752A2FF}</UniqueIdentifier>
      <Extensions>cpp;c;cxx;def;odl;idl;hpj;bat;asm;asmx</Extensions>
    </Filter>
    <Filter Include="Source Files">
      <UniqueIdentifier>{4FC737F1-C7A5-4376-A066-2A32D752A2FF}</UniqueIdentifier>
      <Extensions>cpp;c;cxx;def;odl;idl;hpj;bat;asm;asmx</Extensions>
    </Filter>
    <Filter Include="Generated Files\Debug">
      <UniqueIdentifier>{26d873c0-d80b-4d16-85ca-eeb1b42ca49e}</UniqueIdentifier>
      <Extensions>cpp;moc</Extensions>
      <SourceControlFiles>False</SourceControlFiles>
    </Filter>
    <Filter Include="Generated Files\Release">
      <UniqueIdentifier>{e755d926-b4a1-4d66-8fd7-d1afd4c951bc}</UniqueIdentifier>
      <Extensions>cpp;moc</Extensions>
      <SourceControlFiles>False</SourceControlFiles>
    </Filter>
  </ItemGroup>
  <ItemGroup>
    <ClCompile Include="GeneratedFiles\Debug\moc_LoginWidget.cpp">
      <Filter>Generated Files\Debug</Filter>
    </ClCompile>
    <ClCompile Include="GeneratedFiles\Release\moc_LoginWidget.cpp">
      <Filter>Generated Files\Release</Filter>
    </ClCompile>
    <ClCompile Include="GeneratedFiles\Debug\moc_MainWindow.cpp">
      <Filter>Generated Files\Debug</Filter>
    </ClCompile>
    <ClCompile Include="GeneratedFiles\Release\moc_MainWindow.cpp">
      <Filter>Generated Files\Release</Filter>
    </ClCompile>
    <ClCompile Include="GeneratedFiles\Debug\moc_NewTicket.cpp">
      <Filter>Generated Files\Debug</Filter>
    </ClCompile>
    <ClCompile Include="GeneratedFiles\Release\moc_NewTicket.cpp">
      <Filter>Generated Files\Release</Filter>
    </ClCompile>
    <ClCompile Include="GeneratedFiles\qrc_rsc.cpp">
      <Filter>Generated Files</Filter>
    </ClCompile>
    <ClCompile Include="GeneratedFiles\Debug\moc_TicketDetails.cpp">
      <Filter>Generated Files\Debug</Filter>
    </ClCompile>
    <ClCompile Include="GeneratedFiles\Release\moc_TicketDetails.cpp">
      <Filter>Generated Files\Release</Filter>
    </ClCompile>
    <ClCompile Include="FilterObject.cpp">
      <Filter>Source Files</Filter>
    </ClCompile>
    <ClCompile Include="Global.cpp">
      <Filter>Source Files</Filter>
    </ClCompile>
    <ClCompile Include="LoginWidget.cpp">
      <Filter>Source Files</Filter>
    </ClCompile>
    <ClCompile Include="MainWindow.cpp">
      <Filter>Source Files</Filter>
    </ClCompile>
    <ClCompile Include="main.cpp">
      <Filter>Source Files</Filter>
    </ClCompile>
    <ClCompile Include="NewTicket.cpp">
      <Filter>Source Files</Filter>
    </ClCompile>
    <ClCompile Include="TicketDetails.cpp">
      <Filter>Source Files</Filter>
    </ClCompile>
    <ClCompile Include="TicketItem.cpp">
      <Filter>Source Files</Filter>
    </ClCompile>
    <ClCompile Include="CommentItem.cpp">
      <Filter>Source Files</Filter>
    </ClCompile>
    <ClCompile Include="TicketModel.cpp">
      <Filter>Source Files</Filter>
    </ClCompile>
    <ClCompile Include="GeneratedFiles\Debug\moc_TicketsWidget.cpp">
      <Filter>Generated Files\Debug</Filter>
    </ClCompile>
    <ClCompile Include="GeneratedFiles\Release\moc_TicketsWidget.cpp">
      <Filter>Generated Files\Release</Filter>
    </ClCompile>
    <ClCompile Include="TicketsWidget.cpp">
      <Filter>Source Files</Filter>
    </ClCompile>
    <ClCompile Include="GeneratedFiles\Debug\moc_ProjectTasksWidget.cpp">
      <Filter>Generated Files\Debug</Filter>
    </ClCompile>
    <ClCompile Include="GeneratedFiles\Release\moc_ProjectTasksWidget.cpp">
      <Filter>Generated Files\Release</Filter>
    </ClCompile>
    <ClCompile Include="AddTreeItemCommand.cpp">
      <Filter>Source Files</Filter>
    </ClCompile>
    <ClCompile Include="ProjectItemData.cpp">
      <Filter>Source Files</Filter>
    </ClCompile>
    <ClCompile Include="ProjectTasksWidget.cpp">
      <Filter>Source Files</Filter>
    </ClCompile>
    <ClCompile Include="PTaskItemData.cpp">
      <Filter>Source Files</Filter>
    </ClCompile>
    <ClCompile Include="RemoveTreeItemCommand.cpp">
      <Filter>Source Files</Filter>
    </ClCompile>
    <ClCompile Include="TreeItem.cpp">
      <Filter>Source Files</Filter>
    </ClCompile>
    <ClCompile Include="TreeItemData.cpp">
      <Filter>Source Files</Filter>
    </ClCompile>
    <ClCompile Include="TreeModel.cpp">
      <Filter>Source Files</Filter>
    </ClCompile>
    <ClCompile Include="GeneratedFiles\Debug\moc_TreeModel.cpp">
      <Filter>Generated Files\Debug</Filter>
    </ClCompile>
    <ClCompile Include="GeneratedFiles\Release\moc_TreeModel.cpp">
      <Filter>Generated Files\Release</Filter>
    </ClCompile>
    <ClCompile Include="GeneratedFiles\Debug\moc_TreeItem.cpp">
      <Filter>Generated Files\Debug</Filter>
    </ClCompile>
    <ClCompile Include="GeneratedFiles\Release\moc_TreeItem.cpp">
      <Filter>Generated Files\Release</Filter>
    </ClCompile>
    <ClCompile Include="TaskGanttDelegate.cpp">
      <Filter>Source Files</Filter>
    </ClCompile>
    <ClCompile Include="GeneratedFiles\Debug\moc_NewPTask.cpp">
      <Filter>Generated Files\Debug</Filter>
    </ClCompile>
    <ClCompile Include="GeneratedFiles\Release\moc_NewPTask.cpp">
      <Filter>Generated Files\Release</Filter>
    </ClCompile>
    <ClCompile Include="NewPTask.cpp">
      <Filter>Source Files</Filter>
    </ClCompile>
    <ClCompile Include="GeneratedFiles\Debug\moc_NewProject.cpp">
      <Filter>Generated Files\Debug</Filter>
    </ClCompile>
    <ClCompile Include="GeneratedFiles\Release\moc_NewProject.cpp">
      <Filter>Generated Files\Release</Filter>
    </ClCompile>
    <ClCompile Include="NewProject.cpp">
      <Filter>Source Files</Filter>
    </ClCompile>
    <ClCompile Include="AbstractTaskData.cpp">
      <Filter>Source Files</Filter>
    </ClCompile>
    <ClCompile Include="GeneratedFiles\Debug\moc_TicketNotifier.cpp">
      <Filter>Generated Files\Debug</Filter>
    </ClCompile>
    <ClCompile Include="GeneratedFiles\Release\moc_TicketNotifier.cpp">
      <Filter>Generated Files\Release</Filter>
    </ClCompile>
    <ClCompile Include="TicketNotifier.cpp">
      <Filter>Source Files</Filter>
    </ClCompile>
    <ClCompile Include="GeneratedFiles\Debug\moc_SystemsWidget.cpp">
      <Filter>Generated Files\Debug</Filter>
    </ClCompile>
    <ClCompile Include="GeneratedFiles\Release\moc_SystemsWidget.cpp">
      <Filter>Generated Files\Release</Filter>
    </ClCompile>
    <ClCompile Include="GeneratedFiles\Debug\moc_NewSystemUnit.cpp">
      <Filter>Generated Files\Debug</Filter>
    </ClCompile>
    <ClCompile Include="GeneratedFiles\Release\moc_NewSystemUnit.cpp">
      <Filter>Generated Files\Release</Filter>
    </ClCompile>
    <ClCompile Include="NewSystemUnit.cpp">
      <Filter>Source Files</Filter>
    </ClCompile>
    <ClCompile Include="SystemItemData.cpp">
      <Filter>Source Files</Filter>
    </ClCompile>
    <ClCompile Include="SystemsWidget.cpp">
      <Filter>Source Files</Filter>
    </ClCompile>
    <ClCompile Include="SystemUnitData.cpp">
      <Filter>Source Files</Filter>
    </ClCompile>
    <ClCompile Include="SystemUnitCatData.cpp">
      <Filter>Source Files</Filter>
    </ClCompile>
    <ClCompile Include="GeneratedFiles\Debug\moc_SystemUnitDeatils.cpp">
      <Filter>Generated Files\Debug</Filter>
    </ClCompile>
    <ClCompile Include="GeneratedFiles\Release\moc_SystemUnitDeatils.cpp">
      <Filter>Generated Files\Release</Filter>
    </ClCompile>
    <ClCompile Include="SystemUnitDeatils.cpp">
      <Filter>Source Files</Filter>
    </ClCompile>
    <ClCompile Include="GeneratedFiles\Debug\moc_CustomersWidget.cpp">
      <Filter>Generated Files\Debug</Filter>
    </ClCompile>
    <ClCompile Include="GeneratedFiles\Release\moc_CustomersWidget.cpp">
      <Filter>Generated Files\Release</Filter>
    </ClCompile>
    <ClCompile Include="CustomerData.cpp">
      <Filter>Header Files</Filter>
    </ClCompile>
    <ClCompile Include="GeneratedFiles\Debug\moc_NewCustomer.cpp">
      <Filter>Generated Files\Debug</Filter>
    </ClCompile>
    <ClCompile Include="GeneratedFiles\Release\moc_NewCustomer.cpp">
      <Filter>Generated Files\Release</Filter>
    </ClCompile>
    <ClCompile Include="NewCustomer.cpp">
      <Filter>Source Files</Filter>
    </ClCompile>
    <ClCompile Include="CustomersWidget.cpp">
      <Filter>Source Files</Filter>
    </ClCompile>
    <ClCompile Include="TicketsChartView.cpp">
      <Filter>Generated Files</Filter>
    </ClCompile>
    <ClCompile Include="GeneratedFiles\Debug\moc_TicketsChartView.cpp">
      <Filter>Generated Files\Debug</Filter>
    </ClCompile>
    <ClCompile Include="GeneratedFiles\Release\moc_TicketsChartView.cpp">
      <Filter>Generated Files\Release</Filter>
    </ClCompile>
  </ItemGroup>
  <ItemGroup>
    <ClInclude Include="GeneratedFiles\ui_LoginWidget.h">
      <Filter>Generated Files</Filter>
    </ClInclude>
    <ClInclude Include="GeneratedFiles\ui_mainwindow.h">
      <Filter>Generated Files</Filter>
    </ClInclude>
    <ClInclude Include="GeneratedFiles\ui_NewTicket.h">
      <Filter>Generated Files</Filter>
    </ClInclude>
    <ClInclude Include="GeneratedFiles\ui_TicketDetails.h">
      <Filter>Generated Files</Filter>
    </ClInclude>
    <ClInclude Include="FilterObject.h">
      <Filter>Header Files</Filter>
    </ClInclude>
    <ClInclude Include="Global.h">
      <Filter>Header Files</Filter>
    </ClInclude>
    <ClInclude Include="TicketItem.h">
      <Filter>Header Files</Filter>
    </ClInclude>
    <ClInclude Include="resource.h">
      <Filter>Generated Files</Filter>
    </ClInclude>
    <ClInclude Include="resource1.h">
      <Filter>Generated Files</Filter>
    </ClInclude>
    <ClInclude Include="CommentItem.h">
      <Filter>Header Files</Filter>
    </ClInclude>
    <ClInclude Include="GeneratedFiles\ui_TicketsWidget.h">
      <Filter>Generated Files</Filter>
    </ClInclude>
    <ClInclude Include="AddTreeItemCommand.h">
      <Filter>Header Files</Filter>
    </ClInclude>
    <ClInclude Include="ProjectItemData.h">
      <Filter>Header Files</Filter>
    </ClInclude>
    <ClInclude Include="PTaskItemData.h">
      <Filter>Header Files</Filter>
    </ClInclude>
    <ClInclude Include="RemoveTreeItemCommand.h">
      <Filter>Header Files</Filter>
    </ClInclude>
    <ClInclude Include="TicketModel.h">
      <Filter>Header Files</Filter>
    </ClInclude>
    <ClInclude Include="TreeItemData.h">
      <Filter>Header Files</Filter>
    </ClInclude>
    <ClInclude Include="GeneratedFiles\ui_ProjectTasksWidget.h">
      <Filter>Generated Files</Filter>
    </ClInclude>
    <ClInclude Include="TaskGanttDelegate.h">
      <Filter>Header Files</Filter>
    </ClInclude>
    <ClInclude Include="GeneratedFiles\ui_NewPTask.h">
      <Filter>Generated Files</Filter>
    </ClInclude>
    <ClInclude Include="GeneratedFiles\ui_NewProject.h">
      <Filter>Generated Files</Filter>
    </ClInclude>
    <ClInclude Include="AbstractTaskData.h">
      <Filter>Header Files</Filter>
    </ClInclude>
    <ClInclude Include="GeneratedFiles\ui_NewSystemUnit.h">
      <Filter>Generated Files</Filter>
    </ClInclude>
    <ClInclude Include="GeneratedFiles\ui_SystemsWidget.h">
      <Filter>Generated Files</Filter>
    </ClInclude>
    <ClInclude Include="SystemItemData.h">
      <Filter>Header Files</Filter>
    </ClInclude>
    <ClInclude Include="SystemUnitData.h">
      <Filter>Header Files</Filter>
    </ClInclude>
    <ClInclude Include="SystemUnitCatData.h">
      <Filter>Header Files</Filter>
    </ClInclude>
    <ClInclude Include="GeneratedFiles\ui_SystemUnitDeatils.h">
      <Filter>Generated Files</Filter>
    </ClInclude>
    <ClInclude Include="CustomerData.h">
      <Filter>Header Files</Filter>
    </ClInclude>
    <ClInclude Include="GeneratedFiles\ui_NewCustomer.h">
      <Filter>Generated Files</Filter>
    </ClInclude>
    <ClInclude Include="GeneratedFiles\ui_CustomersWidget.h">
      <Filter>Generated Files</Filter>
    </ClInclude>
    <ClInclude Include="GeneratedFiles\ui_TicketsChartView.h">
      <Filter>Generated Files</Filter>
    </ClInclude>
  </ItemGroup>
  <ItemGroup>
    <None Include="icons\bug.png">
      <Filter>Resource Files</Filter>
    </None>
    <None Include="icons\tip.png">
      <Filter>Resource Files</Filter>
    </None>
    <None Include="icons\ticket.png">
      <Filter>Resource Files</Filter>
    </None>
    <None Include="icons\ticketx64.png">
      <Filter>Resource Files</Filter>
    </None>
    <None Include="icons\settings.png">
      <Filter>Resource Files</Filter>
    </None>
    <None Include="icons\key.png">
      <Filter>Resource Files</Filter>
    </None>
    <None Include="LICENSE">
      <Filter>Resource Files</Filter>
    </None>
    <None Include="README.md">
      <Filter>Resource Files</Filter>
    </None>
    <None Include="winicon.ico" />
  </ItemGroup>
  <ItemGroup>
    <CustomBuild Include="LoginWidget.ui">
      <Filter>Form Files</Filter>
    </CustomBuild>
    <CustomBuild Include="mainwindow.ui">
      <Filter>Form Files</Filter>
    </CustomBuild>
    <CustomBuild Include="NewTicket.ui">
      <Filter>Form Files</Filter>
    </CustomBuild>
    <CustomBuild Include="rsc.qrc">
      <Filter>Resource Files</Filter>
    </CustomBuild>
    <CustomBuild Include="TicketDetails.ui">
      <Filter>Form Files</Filter>
    </CustomBuild>
    <CustomBuild Include="LoginWidget.h">
      <Filter>Header Files</Filter>
    </CustomBuild>
    <CustomBuild Include="MainWindow.h">
      <Filter>Header Files</Filter>
    </CustomBuild>
    <CustomBuild Include="NewTicket.h">
      <Filter>Header Files</Filter>
    </CustomBuild>
    <CustomBuild Include="TicketDetails.h">
      <Filter>Header Files</Filter>
    </CustomBuild>
    <CustomBuild Include="TicketsWidget.ui">
      <Filter>Form Files</Filter>
    </CustomBuild>
    <CustomBuild Include="TicketsWidget.h">
      <Filter>Header Files</Filter>
    </CustomBuild>
    <CustomBuild Include="ProjectTasksWidget.h">
      <Filter>Header Files</Filter>
    </CustomBuild>
    <CustomBuild Include="ProjectTasksWidget.ui">
      <Filter>Form Files</Filter>
    </CustomBuild>
    <CustomBuild Include="TreeModel.h">
      <Filter>Header Files</Filter>
    </CustomBuild>
    <CustomBuild Include="TreeItem.h">
      <Filter>Header Files</Filter>
    </CustomBuild>
    <CustomBuild Include="NewPTask.h">
      <Filter>Header Files</Filter>
    </CustomBuild>
    <CustomBuild Include="NewPTask.ui">
      <Filter>Form Files</Filter>
    </CustomBuild>
    <CustomBuild Include="NewProject.h">
      <Filter>Header Files</Filter>
    </CustomBuild>
    <CustomBuild Include="NewProject.ui">
      <Filter>Form Files</Filter>
    </CustomBuild>
    <CustomBuild Include="TicketNotifier.h">
      <Filter>Header Files</Filter>
    </CustomBuild>
    <CustomBuild Include="NewSystemUnit.ui">
      <Filter>Form Files</Filter>
    </CustomBuild>
    <CustomBuild Include="SystemsWidget.ui">
      <Filter>Form Files</Filter>
    </CustomBuild>
    <CustomBuild Include="NewSystemUnit.h">
      <Filter>Header Files</Filter>
    </CustomBuild>
    <CustomBuild Include="SystemsWidget.h">
      <Filter>Header Files</Filter>
    </CustomBuild>
    <CustomBuild Include="SystemUnitDeatils.h">
      <Filter>Header Files</Filter>
    </CustomBuild>
    <CustomBuild Include="SystemUnitDeatils.ui">
      <Filter>Form Files</Filter>
    </CustomBuild>
    <CustomBuild Include="CustomersWidget.h">
      <Filter>Header Files</Filter>
    </CustomBuild>
    <CustomBuild Include="NewCustomer.h">
      <Filter>Header Files</Filter>
    </CustomBuild>
    <CustomBuild Include="CustomersWidget.ui">
      <Filter>Form Files</Filter>
    </CustomBuild>
    <CustomBuild Include="NewCustomer.ui">
      <Filter>Form Files</Filter>
    </CustomBuild>
    <CustomBuild Include="TicketsChartView.h">
      <Filter>Generated Files</Filter>
    </CustomBuild>
    <CustomBuild Include="TicketsChartView.ui">
      <Filter>Form Files</Filter>
    </CustomBuild>
  </ItemGroup>
  <ItemGroup>
    <ResourceCompile Include="TicketSystem.rc" />
  </ItemGroup>
</Project>